
Microsoft Visual Studio Solution File, Format Version 12.00
# Visual Studio Version 17
VisualStudioVersion = 17.8.34322.80
MinimumVisualStudioVersion = 10.0.40219.1
Project("{9A19103F-16F7-4668-BE54-9A1E7A4F7556}") = "practic8_1_grebenukov", "practic8_1_grebenukov.csproj", "{90AF295B-817C-4489-B190-C6AC6FB15995}"
EndProject
Project("{FAE04EC0-301F-11D3-BF4B-00C04F79EFBC}") = "practic8_2", "..\practic8_2\practic8_2.csproj", "{A18ED7AD-49E6-471B-85DF-DA02839352C1}"
EndProject
Global
	GlobalSection(SolutionConfigurationPlatforms) = preSolution
		Debug|Any CPU = Debug|Any CPU
		Release|Any CPU = Release|Any CPU
	EndGlobalSection
	GlobalSection(ProjectConfigurationPlatforms) = postSolution
		{90AF295B-817C-4489-B190-C6AC6FB15995}.Debug|Any CPU.ActiveCfg = Debug|Any CPU
		{90AF295B-817C-4489-B190-C6AC6FB15995}.Debug|Any CPU.Build.0 = Debug|Any CPU
		{90AF295B-817C-4489-B190-C6AC6FB15995}.Release|Any CPU.ActiveCfg = Release|Any CPU
		{90AF295B-817C-4489-B190-C6AC6FB15995}.Release|Any CPU.Build.0 = Release|Any CPU
		{A18ED7AD-49E6-471B-85DF-DA02839352C1}.Debug|Any CPU.ActiveCfg = Debug|Any CPU
		{A18ED7AD-49E6-471B-85DF-DA02839352C1}.Debug|Any CPU.Build.0 = Debug|Any CPU
		{A18ED7AD-49E6-471B-85DF-DA02839352C1}.Release|Any CPU.ActiveCfg = Release|Any CPU
		{A18ED7AD-49E6-471B-85DF-DA02839352C1}.Release|Any CPU.Build.0 = Release|Any CPU
	EndGlobalSection
	GlobalSection(SolutionProperties) = preSolution
		HideSolutionNode = FALSE
	EndGlobalSection
	GlobalSection(ExtensibilityGlobals) = postSolution
		SolutionGuid = {08910364-7F6E-4091-B79E-3BF82BAFE5AF}
	EndGlobalSection
EndGlobal
